
Microsoft Visual Studio Solution File, Format Version 12.00
# Visual Studio Version 16
VisualStudioVersion = 16.0.31729.503
MinimumVisualStudioVersion = 10.0.40219.1
Project("{FAE04EC0-301F-11D3-BF4B-00C04F79EFBC}") = "ServerCodeMtk-P2-20190140019", "ServerCodeMtk-P2-20190140019\ServerCodeMtk-P2-20190140019.csproj", "{9B34AF35-8D25-440D-B81F-876551077F85}"
EndProject
Global
	GlobalSection(SolutionConfigurationPlatforms) = preSolution
		Debug|Any CPU = Debug|Any CPU
		Release|Any CPU = Release|Any CPU
	EndGlobalSection
	GlobalSection(ProjectConfigurationPlatforms) = postSolution
		{9B34AF35-8D25-440D-B81F-876551077F85}.Debug|Any CPU.ActiveCfg = Debug|Any CPU
		{9B34AF35-8D25-440D-B81F-876551077F85}.Debug|Any CPU.Build.0 = Debug|Any CPU
		{9B34AF35-8D25-440D-B81F-876551077F85}.Release|Any CPU.ActiveCfg = Release|Any CPU
		{9B34AF35-8D25-440D-B81F-876551077F85}.Release|Any CPU.Build.0 = Release|Any CPU
	EndGlobalSection
	GlobalSection(SolutionProperties) = preSolution
		HideSolutionNode = FALSE
	EndGlobalSection
	GlobalSection(ExtensibilityGlobals) = postSolution
		SolutionGuid = {5E45C768-E581-424F-AFE1-BE8837D4420B}
	EndGlobalSection
EndGlobal
